
Microsoft Visual Studio Solution File, Format Version 12.00
# Visual Studio 14
VisualStudioVersion = 14.0.24720.0
MinimumVisualStudioVersion = 10.0.40219.1
Project("{FAE04EC0-301F-11D3-BF4B-00C04F79EFBC}") = "01-RectangleOf10x10Stars", "01-RectangleOf10x10Stars\01-RectangleOf10x10Stars.csproj", "{FE0B4019-D11A-4FEB-84DB-24B074E05A18}"
EndProject
Project("{FAE04EC0-301F-11D3-BF4B-00C04F79EFBC}") = "02-RectangleOfNxNStars", "02-RectangleOfNxNStars\02-RectangleOfNxNStars.csproj", "{4747683C-C15F-45C2-AD1C-129FD2FEC921}"
EndProject
Project("{FAE04EC0-301F-11D3-BF4B-00C04F79EFBC}") = "03-SquareOfStars", "03-SquareOfStars\03-SquareOfStars.csproj", "{A916035D-C0FF-400F-A173-94D6F2EA06AC}"
EndProject
Project("{FAE04EC0-301F-11D3-BF4B-00C04F79EFBC}") = "04-TriangleOfDollars", "04-TriangleOfDollars\04-TriangleOfDollars.csproj", "{CBC09663-0040-4D67-A62A-0A28C01032DF}"
EndProject
Project("{FAE04EC0-301F-11D3-BF4B-00C04F79EFBC}") = "05-SquareFrame", "05-SquareFrame\05-SquareFrame.csproj", "{1F711F01-AA86-4982-96A1-A7A6C3BC64C5}"
EndProject
Project("{FAE04EC0-301F-11D3-BF4B-00C04F79EFBC}") = "06-RhombusOfStars", "06-RhombusOfStars\06-RhombusOfStars.csproj", "{4156AA31-4EA2-436E-A4CA-BAD48F91816B}"
EndProject
Project("{FAE04EC0-301F-11D3-BF4B-00C04F79EFBC}") = "07-ChristmasTree", "07-ChristmasTree\07-ChristmasTree.csproj", "{790CF963-7FE4-4F07-94CD-F83F9B8D983E}"
EndProject
Project("{FAE04EC0-301F-11D3-BF4B-00C04F79EFBC}") = "08-Sunglasses", "08-Sunglasses\08-Sunglasses.csproj", "{496F8728-5E57-4BE7-A096-22EFC7C5848A}"
EndProject
Project("{FAE04EC0-301F-11D3-BF4B-00C04F79EFBC}") = "09-House", "09-House\09-House.csproj", "{91959488-ED4C-440F-B69E-6FA172BFC588}"
EndProject
Project("{FAE04EC0-301F-11D3-BF4B-00C04F79EFBC}") = "10-Diamond", "10-Diamond\10-Diamond.csproj", "{BAF84798-4309-4220-BE22-9BAE1955ADEC}"
EndProject
Project("{FAE04EC0-301F-11D3-BF4B-00C04F79EFBC}") = "11-Ratings-WEBApp", "11-Ratings-WEBApp\11-Ratings-WEBApp.csproj", "{50BDE961-80A9-4EA4-A62F-8C8CCB319361}"
EndProject
Project("{FAE04EC0-301F-11D3-BF4B-00C04F79EFBC}") = "12-05-DrawFort", "12-05-DrawFort\12-05-DrawFort.csproj", "{27D230BF-A145-4DC8-924D-B406E66F1396}"
EndProject
Project("{FAE04EC0-301F-11D3-BF4B-00C04F79EFBC}") = "13-05-Butterfly", "13-05-Butterfly\13-05-Butterfly.csproj", "{5B56E13E-FDBA-44CB-8246-6653018A94B6}"
EndProject
Project("{FAE04EC0-301F-11D3-BF4B-00C04F79EFBC}") = "13-05-Butterfly-1", "13-05-Butterfly-1\13-05-Butterfly-1.csproj", "{1C453C6A-315E-411D-B3B6-EAACACDCF3EF}"
EndProject
Project("{FAE04EC0-301F-11D3-BF4B-00C04F79EFBC}") = "777-TEST", "777-TEST\777-TEST.csproj", "{D0F81C9A-E510-4722-956B-5FB4071E8B6D}"
EndProject
Project("{FAE04EC0-301F-11D3-BF4B-00C04F79EFBC}") = "888-TEST", "888-TEST\888-TEST.csproj", "{195EB487-6FEF-4318-8421-354F2B1FA48F}"
EndProject
Project("{FAE04EC0-301F-11D3-BF4B-00C04F79EFBC}") = "88-TEST", "88-TEST\88-TEST.csproj", "{8F554FC4-2B5C-429A-A208-EC21CCCF3E92}"
EndProject
Project("{FAE04EC0-301F-11D3-BF4B-00C04F79EFBC}") = "77-TEST", "77-TEST\77-TEST.csproj", "{C472FB9D-6929-4B44-8B40-77366DF47619}"
EndProject
Global
	GlobalSection(SolutionConfigurationPlatforms) = preSolution
		Debug|Any CPU = Debug|Any CPU
		Release|Any CPU = Release|Any CPU
	EndGlobalSection
	GlobalSection(ProjectConfigurationPlatforms) = postSolution
		{FE0B4019-D11A-4FEB-84DB-24B074E05A18}.Debug|Any CPU.ActiveCfg = Debug|Any CPU
		{FE0B4019-D11A-4FEB-84DB-24B074E05A18}.Debug|Any CPU.Build.0 = Debug|Any CPU
		{FE0B4019-D11A-4FEB-84DB-24B074E05A18}.Release|Any CPU.ActiveCfg = Release|Any CPU
		{FE0B4019-D11A-4FEB-84DB-24B074E05A18}.Release|Any CPU.Build.0 = Release|Any CPU
		{4747683C-C15F-45C2-AD1C-129FD2FEC921}.Debug|Any CPU.ActiveCfg = Debug|Any CPU
		{4747683C-C15F-45C2-AD1C-129FD2FEC921}.Debug|Any CPU.Build.0 = Debug|Any CPU
		{4747683C-C15F-45C2-AD1C-129FD2FEC921}.Release|Any CPU.ActiveCfg = Release|Any CPU
		{4747683C-C15F-45C2-AD1C-129FD2FEC921}.Release|Any CPU.Build.0 = Release|Any CPU
		{A916035D-C0FF-400F-A173-94D6F2EA06AC}.Debug|Any CPU.ActiveCfg = Debug|Any CPU
		{A916035D-C0FF-400F-A173-94D6F2EA06AC}.Debug|Any CPU.Build.0 = Debug|Any CPU
		{A916035D-C0FF-400F-A173-94D6F2EA06AC}.Release|Any CPU.ActiveCfg = Release|Any CPU
		{A916035D-C0FF-400F-A173-94D6F2EA06AC}.Release|Any CPU.Build.0 = Release|Any CPU
		{CBC09663-0040-4D67-A62A-0A28C01032DF}.Debug|Any CPU.ActiveCfg = Debug|Any CPU
		{CBC09663-0040-4D67-A62A-0A28C01032DF}.Debug|Any CPU.Build.0 = Debug|Any CPU
		{CBC09663-0040-4D67-A62A-0A28C01032DF}.Release|Any CPU.ActiveCfg = Release|Any CPU
		{CBC09663-0040-4D67-A62A-0A28C01032DF}.Release|Any CPU.Build.0 = Release|Any CPU
		{1F711F01-AA86-4982-96A1-A7A6C3BC64C5}.Debug|Any CPU.ActiveCfg = Debug|Any CPU
		{1F711F01-AA86-4982-96A1-A7A6C3BC64C5}.Debug|Any CPU.Build.0 = Debug|Any CPU
		{1F711F01-AA86-4982-96A1-A7A6C3BC64C5}.Release|Any CPU.ActiveCfg = Release|Any CPU
		{1F711F01-AA86-4982-96A1-A7A6C3BC64C5}.Release|Any CPU.Build.0 = Release|Any CPU
		{4156AA31-4EA2-436E-A4CA-BAD48F91816B}.Debug|Any CPU.ActiveCfg = Debug|Any CPU
		{4156AA31-4EA2-436E-A4CA-BAD48F91816B}.Debug|Any CPU.Build.0 = Debug|Any CPU
		{4156AA31-4EA2-436E-A4CA-BAD48F91816B}.Release|Any CPU.ActiveCfg = Release|Any CPU
		{4156AA31-4EA2-436E-A4CA-BAD48F91816B}.Release|Any CPU.Build.0 = Release|Any CPU
		{790CF963-7FE4-4F07-94CD-F83F9B8D983E}.Debug|Any CPU.ActiveCfg = Debug|Any CPU
		{790CF963-7FE4-4F07-94CD-F83F9B8D983E}.Debug|Any CPU.Build.0 = Debug|Any CPU
		{790CF963-7FE4-4F07-94CD-F83F9B8D983E}.Release|Any CPU.ActiveCfg = Release|Any CPU
		{790CF963-7FE4-4F07-94CD-F83F9B8D983E}.Release|Any CPU.Build.0 = Release|Any CPU
		{496F8728-5E57-4BE7-A096-22EFC7C5848A}.Debug|Any CPU.ActiveCfg = Debug|Any CPU
		{496F8728-5E57-4BE7-A096-22EFC7C5848A}.Debug|Any CPU.Build.0 = Debug|Any CPU
		{496F8728-5E57-4BE7-A096-22EFC7C5848A}.Release|Any CPU.ActiveCfg = Release|Any CPU
		{496F8728-5E57-4BE7-A096-22EFC7C5848A}.Release|Any CPU.Build.0 = Release|Any CPU
		{91959488-ED4C-440F-B69E-6FA172BFC588}.Debug|Any CPU.ActiveCfg = Debug|Any CPU
		{91959488-ED4C-440F-B69E-6FA172BFC588}.Debug|Any CPU.Build.0 = Debug|Any CPU
		{91959488-ED4C-440F-B69E-6FA172BFC588}.Release|Any CPU.ActiveCfg = Release|Any CPU
		{91959488-ED4C-440F-B69E-6FA172BFC588}.Release|Any CPU.Build.0 = Release|Any CPU
		{BAF84798-4309-4220-BE22-9BAE1955ADEC}.Debug|Any CPU.ActiveCfg = Debug|Any CPU
		{BAF84798-4309-4220-BE22-9BAE1955ADEC}.Debug|Any CPU.Build.0 = Debug|Any CPU
		{BAF84798-4309-4220-BE22-9BAE1955ADEC}.Release|Any CPU.ActiveCfg = Release|Any CPU
		{BAF84798-4309-4220-BE22-9BAE1955ADEC}.Release|Any CPU.Build.0 = Release|Any CPU
		{50BDE961-80A9-4EA4-A62F-8C8CCB319361}.Debug|Any CPU.ActiveCfg = Debug|Any CPU
		{50BDE961-80A9-4EA4-A62F-8C8CCB319361}.Debug|Any CPU.Build.0 = Debug|Any CPU
		{50BDE961-80A9-4EA4-A62F-8C8CCB319361}.Release|Any CPU.ActiveCfg = Release|Any CPU
		{50BDE961-80A9-4EA4-A62F-8C8CCB319361}.Release|Any CPU.Build.0 = Release|Any CPU
		{27D230BF-A145-4DC8-924D-B406E66F1396}.Debug|Any CPU.ActiveCfg = Debug|Any CPU
		{27D230BF-A145-4DC8-924D-B406E66F1396}.Debug|Any CPU.Build.0 = Debug|Any CPU
		{27D230BF-A145-4DC8-924D-B406E66F1396}.Release|Any CPU.ActiveCfg = Release|Any CPU
		{27D230BF-A145-4DC8-924D-B406E66F1396}.Release|Any CPU.Build.0 = Release|Any CPU
		{5B56E13E-FDBA-44CB-8246-6653018A94B6}.Debug|Any CPU.ActiveCfg = Debug|Any CPU
		{5B56E13E-FDBA-44CB-8246-6653018A94B6}.Debug|Any CPU.Build.0 = Debug|Any CPU
		{5B56E13E-FDBA-44CB-8246-6653018A94B6}.Release|Any CPU.ActiveCfg = Release|Any CPU
		{5B56E13E-FDBA-44CB-8246-6653018A94B6}.Release|Any CPU.Build.0 = Release|Any CPU
		{1C453C6A-315E-411D-B3B6-EAACACDCF3EF}.Debug|Any CPU.ActiveCfg = Debug|Any CPU
		{1C453C6A-315E-411D-B3B6-EAACACDCF3EF}.Debug|Any CPU.Build.0 = Debug|Any CPU
		{1C453C6A-315E-411D-B3B6-EAACACDCF3EF}.Release|Any CPU.ActiveCfg = Release|Any CPU
		{1C453C6A-315E-411D-B3B6-EAACACDCF3EF}.Release|Any CPU.Build.0 = Release|Any CPU
		{D0F81C9A-E510-4722-956B-5FB4071E8B6D}.Debug|Any CPU.ActiveCfg = Debug|Any CPU
		{D0F81C9A-E510-4722-956B-5FB4071E8B6D}.Debug|Any CPU.Build.0 = Debug|Any CPU
		{D0F81C9A-E510-4722-956B-5FB4071E8B6D}.Release|Any CPU.ActiveCfg = Release|Any CPU
		{D0F81C9A-E510-4722-956B-5FB4071E8B6D}.Release|Any CPU.Build.0 = Release|Any CPU
		{195EB487-6FEF-4318-8421-354F2B1FA48F}.Debug|Any CPU.ActiveCfg = Debug|Any CPU
		{195EB487-6FEF-4318-8421-354F2B1FA48F}.Debug|Any CPU.Build.0 = Debug|Any CPU
		{195EB487-6FEF-4318-8421-354F2B1FA48F}.Release|Any CPU.ActiveCfg = Release|Any CPU
		{195EB487-6FEF-4318-8421-354F2B1FA48F}.Release|Any CPU.Build.0 = Release|Any CPU
		{8F554FC4-2B5C-429A-A208-EC21CCCF3E92}.Debug|Any CPU.ActiveCfg = Debug|Any CPU
		{8F554FC4-2B5C-429A-A208-EC21CCCF3E92}.Debug|Any CPU.Build.0 = Debug|Any CPU
		{8F554FC4-2B5C-429A-A208-EC21CCCF3E92}.Release|Any CPU.ActiveCfg = Release|Any CPU
		{8F554FC4-2B5C-429A-A208-EC21CCCF3E92}.Release|Any CPU.Build.0 = Release|Any CPU
		{C472FB9D-6929-4B44-8B40-77366DF47619}.Debug|Any CPU.ActiveCfg = Debug|Any CPU
		{C472FB9D-6929-4B44-8B40-77366DF47619}.Debug|Any CPU.Build.0 = Debug|Any CPU
		{C472FB9D-6929-4B44-8B40-77366DF47619}.Release|Any CPU.ActiveCfg = Release|Any CPU
		{C472FB9D-6929-4B44-8B40-77366DF47619}.Release|Any CPU.Build.0 = Release|Any CPU
	EndGlobalSection
	GlobalSection(SolutionProperties) = preSolution
		HideSolutionNode = FALSE
	EndGlobalSection
EndGlobal
