
Microsoft Visual Studio Solution File, Format Version 12.00
# Visual Studio 14
VisualStudioVersion = 14.0.24720.0
MinimumVisualStudioVersion = 10.0.40219.1
Project("{FAE04EC0-301F-11D3-BF4B-00C04F79EFBC}") = "01-ExcellentResult", "01-ExcellentResult\01-ExcellentResult.csproj", "{A973F433-7837-4837-8588-0D0BF0FF1554}"
EndProject
Project("{FAE04EC0-301F-11D3-BF4B-00C04F79EFBC}") = "02-ExcellentOrNot", "02-ExcellentOrNot\02-ExcellentOrNot.csproj", "{3F24A8AD-A6E9-49F0-A613-3FF47F670FE7}"
EndProject
Project("{FAE04EC0-301F-11D3-BF4B-00C04F79EFBC}") = "03-EvenOrOdd", "03-EvenOrOdd\03-EvenOrOdd.csproj", "{5A356260-113A-4E6C-BD5B-13356A14FC17}"
EndProject
Project("{FAE04EC0-301F-11D3-BF4B-00C04F79EFBC}") = "04-GreaterNumber", "04-GreaterNumber\04-GreaterNumber.csproj", "{D18717E7-8FE3-4B9E-B358-38A08078E250}"
EndProject
Project("{FAE04EC0-301F-11D3-BF4B-00C04F79EFBC}") = "05-Number0-9ToText", "05-Number0-9ToText\05-Number0-9ToText.csproj", "{7869D4E3-11EB-4CDB-8E10-5D26CA8174E3}"
EndProject
Project("{FAE04EC0-301F-11D3-BF4B-00C04F79EFBC}") = "05-Number0-9ToText-SWITCH", "05-Number0-9ToText-SWITCH\05-Number0-9ToText-SWITCH.csproj", "{6EB63132-CE98-463E-AC88-2FCBB398F1F9}"
EndProject
Project("{FAE04EC0-301F-11D3-BF4B-00C04F79EFBC}") = "06-BonusScore", "06-BonusScore\06-BonusScore.csproj", "{B8254233-7510-4581-A97F-6A3DE0BA50CD}"
EndProject
Project("{FAE04EC0-301F-11D3-BF4B-00C04F79EFBC}") = "07-SumSeconds", "07-SumSeconds\07-SumSeconds.csproj", "{C844C346-1D45-417F-9192-9E189AAE683B}"
EndProject
Project("{FAE04EC0-301F-11D3-BF4B-00C04F79EFBC}") = "08-MetricConverter", "08-MetricConverter\08-MetricConverter.csproj", "{F2154A0E-8685-4BDD-9DD0-A113C2D135D6}"
EndProject
Project("{FAE04EC0-301F-11D3-BF4B-00C04F79EFBC}") = "09-PasswordGuess", "09-PasswordGuess\09-PasswordGuess.csproj", "{99C559F3-0904-4FD1-83E7-1A01A318A845}"
EndProject
Project("{FAE04EC0-301F-11D3-BF4B-00C04F79EFBC}") = "10-Number100-200", "10-Number100-200\10-Number100-200.csproj", "{6FD3F22F-9D14-476B-B248-C33D23A1E7A9}"
EndProject
Project("{FAE04EC0-301F-11D3-BF4B-00C04F79EFBC}") = "11-EqualWords", "11-EqualWords\11-EqualWords.csproj", "{72DABE39-F0C7-463E-B2E8-C2EA8CA5C4E7}"
EndProject
Project("{FAE04EC0-301F-11D3-BF4B-00C04F79EFBC}") = "12-SpeedInfo", "12-SpeedInfo\12-SpeedInfo.csproj", "{519A5578-1CB6-47FC-A2CE-C677504AA9AB}"
EndProject
Project("{FAE04EC0-301F-11D3-BF4B-00C04F79EFBC}") = "13-AreaOfFigures", "13-AreaOfFigures\13-AreaOfFigures.csproj", "{A997E021-3CA4-4650-B03F-44F506C470A9}"
EndProject
Project("{FAE04EC0-301F-11D3-BF4B-00C04F79EFBC}") = "13-AreaOfFigures-SWITCH", "13-AreaOfFigures-SWITCH\13-AreaOfFigures-SWITCH.csproj", "{4953F9D7-639E-4156-A864-4308FFD08EAB}"
EndProject
Project("{FAE04EC0-301F-11D3-BF4B-00C04F79EFBC}") = "777-TEST", "777-TEST\777-TEST.csproj", "{1B340EDD-7243-4125-8A1E-EA95CCD14E25}"
EndProject
Project("{FAE04EC0-301F-11D3-BF4B-00C04F79EFBC}") = "14-TimePlus15Minutes", "14-TimePlus15Minutes\14-TimePlus15Minutes.csproj", "{87DA7DDB-D467-48C9-93B5-F247CAC2FA8E}"
EndProject
Project("{FAE04EC0-301F-11D3-BF4B-00C04F79EFBC}") = "15-3EqualNumbers", "15-3EqualNumbers\15-3EqualNumbers.csproj", "{11FF86CD-8223-4BDA-BC3E-920399D2B0DB}"
EndProject
Project("{FAE04EC0-301F-11D3-BF4B-00C04F79EFBC}") = "16-Number0-100ToText", "16-Number0-100ToText\16-Number0-100ToText.csproj", "{FD51116F-699A-4C1E-9CA9-4FF70F43966E}"
EndProject
Project("{FAE04EC0-301F-11D3-BF4B-00C04F79EFBC}") = "17-CurrencyConverter-GUI", "17-CurrencyConverter-GUI\17-CurrencyConverter-GUI.csproj", "{F14A8759-A356-42B8-A9A6-EC585ADCD8F1}"
EndProject
Project("{FAE04EC0-301F-11D3-BF4B-00C04F79EFBC}") = "18-02.TransportPrice", "18-02.TransportPrice\18-02.TransportPrice.csproj", "{D32025DB-1708-4214-AD3E-2CFE85BF405C}"
EndProject
Project("{FAE04EC0-301F-11D3-BF4B-00C04F79EFBC}") = "19-02.SwimmingPoolPipes", "19-02.SwimmingPoolPipes\19-02.SwimmingPoolPipes.csproj", "{14154F21-E340-4344-BF00-B809650E9166}"
EndProject
Global
	GlobalSection(SolutionConfigurationPlatforms) = preSolution
		Debug|Any CPU = Debug|Any CPU
		Release|Any CPU = Release|Any CPU
	EndGlobalSection
	GlobalSection(ProjectConfigurationPlatforms) = postSolution
		{A973F433-7837-4837-8588-0D0BF0FF1554}.Debug|Any CPU.ActiveCfg = Debug|Any CPU
		{A973F433-7837-4837-8588-0D0BF0FF1554}.Debug|Any CPU.Build.0 = Debug|Any CPU
		{A973F433-7837-4837-8588-0D0BF0FF1554}.Release|Any CPU.ActiveCfg = Release|Any CPU
		{A973F433-7837-4837-8588-0D0BF0FF1554}.Release|Any CPU.Build.0 = Release|Any CPU
		{3F24A8AD-A6E9-49F0-A613-3FF47F670FE7}.Debug|Any CPU.ActiveCfg = Debug|Any CPU
		{3F24A8AD-A6E9-49F0-A613-3FF47F670FE7}.Debug|Any CPU.Build.0 = Debug|Any CPU
		{3F24A8AD-A6E9-49F0-A613-3FF47F670FE7}.Release|Any CPU.ActiveCfg = Release|Any CPU
		{3F24A8AD-A6E9-49F0-A613-3FF47F670FE7}.Release|Any CPU.Build.0 = Release|Any CPU
		{5A356260-113A-4E6C-BD5B-13356A14FC17}.Debug|Any CPU.ActiveCfg = Debug|Any CPU
		{5A356260-113A-4E6C-BD5B-13356A14FC17}.Debug|Any CPU.Build.0 = Debug|Any CPU
		{5A356260-113A-4E6C-BD5B-13356A14FC17}.Release|Any CPU.ActiveCfg = Release|Any CPU
		{5A356260-113A-4E6C-BD5B-13356A14FC17}.Release|Any CPU.Build.0 = Release|Any CPU
		{D18717E7-8FE3-4B9E-B358-38A08078E250}.Debug|Any CPU.ActiveCfg = Debug|Any CPU
		{D18717E7-8FE3-4B9E-B358-38A08078E250}.Debug|Any CPU.Build.0 = Debug|Any CPU
		{D18717E7-8FE3-4B9E-B358-38A08078E250}.Release|Any CPU.ActiveCfg = Release|Any CPU
		{D18717E7-8FE3-4B9E-B358-38A08078E250}.Release|Any CPU.Build.0 = Release|Any CPU
		{7869D4E3-11EB-4CDB-8E10-5D26CA8174E3}.Debug|Any CPU.ActiveCfg = Debug|Any CPU
		{7869D4E3-11EB-4CDB-8E10-5D26CA8174E3}.Debug|Any CPU.Build.0 = Debug|Any CPU
		{7869D4E3-11EB-4CDB-8E10-5D26CA8174E3}.Release|Any CPU.ActiveCfg = Release|Any CPU
		{7869D4E3-11EB-4CDB-8E10-5D26CA8174E3}.Release|Any CPU.Build.0 = Release|Any CPU
		{6EB63132-CE98-463E-AC88-2FCBB398F1F9}.Debug|Any CPU.ActiveCfg = Debug|Any CPU
		{6EB63132-CE98-463E-AC88-2FCBB398F1F9}.Debug|Any CPU.Build.0 = Debug|Any CPU
		{6EB63132-CE98-463E-AC88-2FCBB398F1F9}.Release|Any CPU.ActiveCfg = Release|Any CPU
		{6EB63132-CE98-463E-AC88-2FCBB398F1F9}.Release|Any CPU.Build.0 = Release|Any CPU
		{B8254233-7510-4581-A97F-6A3DE0BA50CD}.Debug|Any CPU.ActiveCfg = Debug|Any CPU
		{B8254233-7510-4581-A97F-6A3DE0BA50CD}.Debug|Any CPU.Build.0 = Debug|Any CPU
		{B8254233-7510-4581-A97F-6A3DE0BA50CD}.Release|Any CPU.ActiveCfg = Release|Any CPU
		{B8254233-7510-4581-A97F-6A3DE0BA50CD}.Release|Any CPU.Build.0 = Release|Any CPU
		{C844C346-1D45-417F-9192-9E189AAE683B}.Debug|Any CPU.ActiveCfg = Debug|Any CPU
		{C844C346-1D45-417F-9192-9E189AAE683B}.Debug|Any CPU.Build.0 = Debug|Any CPU
		{C844C346-1D45-417F-9192-9E189AAE683B}.Release|Any CPU.ActiveCfg = Release|Any CPU
		{C844C346-1D45-417F-9192-9E189AAE683B}.Release|Any CPU.Build.0 = Release|Any CPU
		{F2154A0E-8685-4BDD-9DD0-A113C2D135D6}.Debug|Any CPU.ActiveCfg = Debug|Any CPU
		{F2154A0E-8685-4BDD-9DD0-A113C2D135D6}.Debug|Any CPU.Build.0 = Debug|Any CPU
		{F2154A0E-8685-4BDD-9DD0-A113C2D135D6}.Release|Any CPU.ActiveCfg = Release|Any CPU
		{F2154A0E-8685-4BDD-9DD0-A113C2D135D6}.Release|Any CPU.Build.0 = Release|Any CPU
		{99C559F3-0904-4FD1-83E7-1A01A318A845}.Debug|Any CPU.ActiveCfg = Debug|Any CPU
		{99C559F3-0904-4FD1-83E7-1A01A318A845}.Debug|Any CPU.Build.0 = Debug|Any CPU
		{99C559F3-0904-4FD1-83E7-1A01A318A845}.Release|Any CPU.ActiveCfg = Release|Any CPU
		{99C559F3-0904-4FD1-83E7-1A01A318A845}.Release|Any CPU.Build.0 = Release|Any CPU
		{6FD3F22F-9D14-476B-B248-C33D23A1E7A9}.Debug|Any CPU.ActiveCfg = Debug|Any CPU
		{6FD3F22F-9D14-476B-B248-C33D23A1E7A9}.Debug|Any CPU.Build.0 = Debug|Any CPU
		{6FD3F22F-9D14-476B-B248-C33D23A1E7A9}.Release|Any CPU.ActiveCfg = Release|Any CPU
		{6FD3F22F-9D14-476B-B248-C33D23A1E7A9}.Release|Any CPU.Build.0 = Release|Any CPU
		{72DABE39-F0C7-463E-B2E8-C2EA8CA5C4E7}.Debug|Any CPU.ActiveCfg = Debug|Any CPU
		{72DABE39-F0C7-463E-B2E8-C2EA8CA5C4E7}.Debug|Any CPU.Build.0 = Debug|Any CPU
		{72DABE39-F0C7-463E-B2E8-C2EA8CA5C4E7}.Release|Any CPU.ActiveCfg = Release|Any CPU
		{72DABE39-F0C7-463E-B2E8-C2EA8CA5C4E7}.Release|Any CPU.Build.0 = Release|Any CPU
		{519A5578-1CB6-47FC-A2CE-C677504AA9AB}.Debug|Any CPU.ActiveCfg = Debug|Any CPU
		{519A5578-1CB6-47FC-A2CE-C677504AA9AB}.Debug|Any CPU.Build.0 = Debug|Any CPU
		{519A5578-1CB6-47FC-A2CE-C677504AA9AB}.Release|Any CPU.ActiveCfg = Release|Any CPU
		{519A5578-1CB6-47FC-A2CE-C677504AA9AB}.Release|Any CPU.Build.0 = Release|Any CPU
		{A997E021-3CA4-4650-B03F-44F506C470A9}.Debug|Any CPU.ActiveCfg = Debug|Any CPU
		{A997E021-3CA4-4650-B03F-44F506C470A9}.Debug|Any CPU.Build.0 = Debug|Any CPU
		{A997E021-3CA4-4650-B03F-44F506C470A9}.Release|Any CPU.ActiveCfg = Release|Any CPU
		{A997E021-3CA4-4650-B03F-44F506C470A9}.Release|Any CPU.Build.0 = Release|Any CPU
		{4953F9D7-639E-4156-A864-4308FFD08EAB}.Debug|Any CPU.ActiveCfg = Debug|Any CPU
		{4953F9D7-639E-4156-A864-4308FFD08EAB}.Debug|Any CPU.Build.0 = Debug|Any CPU
		{4953F9D7-639E-4156-A864-4308FFD08EAB}.Release|Any CPU.ActiveCfg = Release|Any CPU
		{4953F9D7-639E-4156-A864-4308FFD08EAB}.Release|Any CPU.Build.0 = Release|Any CPU
		{1B340EDD-7243-4125-8A1E-EA95CCD14E25}.Debug|Any CPU.ActiveCfg = Debug|Any CPU
		{1B340EDD-7243-4125-8A1E-EA95CCD14E25}.Debug|Any CPU.Build.0 = Debug|Any CPU
		{1B340EDD-7243-4125-8A1E-EA95CCD14E25}.Release|Any CPU.ActiveCfg = Release|Any CPU
		{1B340EDD-7243-4125-8A1E-EA95CCD14E25}.Release|Any CPU.Build.0 = Release|Any CPU
		{87DA7DDB-D467-48C9-93B5-F247CAC2FA8E}.Debug|Any CPU.ActiveCfg = Debug|Any CPU
		{87DA7DDB-D467-48C9-93B5-F247CAC2FA8E}.Debug|Any CPU.Build.0 = Debug|Any CPU
		{87DA7DDB-D467-48C9-93B5-F247CAC2FA8E}.Release|Any CPU.ActiveCfg = Release|Any CPU
		{87DA7DDB-D467-48C9-93B5-F247CAC2FA8E}.Release|Any CPU.Build.0 = Release|Any CPU
		{11FF86CD-8223-4BDA-BC3E-920399D2B0DB}.Debug|Any CPU.ActiveCfg = Debug|Any CPU
		{11FF86CD-8223-4BDA-BC3E-920399D2B0DB}.Debug|Any CPU.Build.0 = Debug|Any CPU
		{11FF86CD-8223-4BDA-BC3E-920399D2B0DB}.Release|Any CPU.ActiveCfg = Release|Any CPU
		{11FF86CD-8223-4BDA-BC3E-920399D2B0DB}.Release|Any CPU.Build.0 = Release|Any CPU
		{FD51116F-699A-4C1E-9CA9-4FF70F43966E}.Debug|Any CPU.ActiveCfg = Debug|Any CPU
		{FD51116F-699A-4C1E-9CA9-4FF70F43966E}.Debug|Any CPU.Build.0 = Debug|Any CPU
		{FD51116F-699A-4C1E-9CA9-4FF70F43966E}.Release|Any CPU.ActiveCfg = Release|Any CPU
		{FD51116F-699A-4C1E-9CA9-4FF70F43966E}.Release|Any CPU.Build.0 = Release|Any CPU
		{F14A8759-A356-42B8-A9A6-EC585ADCD8F1}.Debug|Any CPU.ActiveCfg = Debug|Any CPU
		{F14A8759-A356-42B8-A9A6-EC585ADCD8F1}.Debug|Any CPU.Build.0 = Debug|Any CPU
		{F14A8759-A356-42B8-A9A6-EC585ADCD8F1}.Release|Any CPU.ActiveCfg = Release|Any CPU
		{F14A8759-A356-42B8-A9A6-EC585ADCD8F1}.Release|Any CPU.Build.0 = Release|Any CPU
		{D32025DB-1708-4214-AD3E-2CFE85BF405C}.Debug|Any CPU.ActiveCfg = Debug|Any CPU
		{D32025DB-1708-4214-AD3E-2CFE85BF405C}.Debug|Any CPU.Build.0 = Debug|Any CPU
		{D32025DB-1708-4214-AD3E-2CFE85BF405C}.Release|Any CPU.ActiveCfg = Release|Any CPU
		{D32025DB-1708-4214-AD3E-2CFE85BF405C}.Release|Any CPU.Build.0 = Release|Any CPU
		{14154F21-E340-4344-BF00-B809650E9166}.Debug|Any CPU.ActiveCfg = Debug|Any CPU
		{14154F21-E340-4344-BF00-B809650E9166}.Debug|Any CPU.Build.0 = Debug|Any CPU
		{14154F21-E340-4344-BF00-B809650E9166}.Release|Any CPU.ActiveCfg = Release|Any CPU
		{14154F21-E340-4344-BF00-B809650E9166}.Release|Any CPU.Build.0 = Release|Any CPU
	EndGlobalSection
	GlobalSection(SolutionProperties) = preSolution
		HideSolutionNode = FALSE
	EndGlobalSection
EndGlobal
